{
  "nodes": {
    "nixpkgs": {
      "locked": {
        "lastModified": 1746957726,
        "narHash": "sha256-k9ut1LSfHCr0AW82ttEQzXVCqmyWVA5+SHJkS5ID/Jo=",
        "owner": "NixOS",
        "repo": "nixpkgs",
        "rev": "a39ed32a651fdee6842ec930761e31d1f242cb94",
        "type": "github"
      },
      "original": {
        "owner": "NixOS",
        "ref": "nixos-24.11",
        "repo": "nixpkgs",
        "type": "github"
      }
    },
    "root": {
      "inputs": {
        "nixpkgs": "nixpkgs",
        "rust-overlay": "rust-overlay"
      }
    },
    "rust-overlay": {
      "inputs": {
        "nixpkgs": [
          "nixpkgs"
        ]
      },
      "locked": {
        "lastModified": 1747017456,
        "narHash": "sha256-C/U12fcO+HEF071b5mK65lt4XtAIZyJSSJAg9hdlvTk=",
        "owner": "oxalica",
        "repo": "rust-overlay",
        "rev": "5b07506ae89b025b14de91f697eba23b48654c52",
        "type": "github"
      },
      "original": {
        "owner": "oxalica",
        "repo": "rust-overlay",
        "type": "github"
      }
    }
  },
  "root": "root",
  "version": 7
}
